
Microsoft Visual Studio Solution File, Format Version 12.00
# Visual Studio Version 17
VisualStudioVersion = 17.9.34902.65
MinimumVisualStudioVersion = 10.0.40219.1
Project("{FAE04EC0-301F-11D3-BF4B-00C04F79EFBC}") = "WebApplication1_HW_11_12_2024", "WebApplication1_HW_11_12_2024\WebApplication1_HW_11_12_2024.csproj", "{37D08BEC-7460-4514-AE03-91B91E374529}"
EndProject
Global
	GlobalSection(SolutionConfigurationPlatforms) = preSolution
		Debug|Any CPU = Debug|Any CPU
		Release|Any CPU = Release|Any CPU
	EndGlobalSection
	GlobalSection(ProjectConfigurationPlatforms) = postSolution
		{37D08BEC-7460-4514-AE03-91B91E374529}.Debug|Any CPU.ActiveCfg = Debug|Any CPU
		{37D08BEC-7460-4514-AE03-91B91E374529}.Debug|Any CPU.Build.0 = Debug|Any CPU
		{37D08BEC-7460-4514-AE03-91B91E374529}.Release|Any CPU.ActiveCfg = Release|Any CPU
		{37D08BEC-7460-4514-AE03-91B91E374529}.Release|Any CPU.Build.0 = Release|Any CPU
	EndGlobalSection
	GlobalSection(SolutionProperties) = preSolution
		HideSolutionNode = FALSE
	EndGlobalSection
	GlobalSection(ExtensibilityGlobals) = postSolution
		SolutionGuid = {14492C9F-5F9D-40A8-A9C2-5F3B2FA067BF}
	EndGlobalSection
EndGlobal
